
Microsoft Visual Studio Solution File, Format Version 10.00
# Visual Studio 2008
Project("{8BC9CEB8-8B4A-11D0-8D11-00A0C91BC942}") = "HavokProject", "HavokProject\HavokProject.vcproj", "{C12CF53B-6CDF-44FE-8A74-A906E1C90E47}"
EndProject
Global
	GlobalSection(SolutionConfigurationPlatforms) = preSolution
		Debug|Win32 = Debug|Win32
		Release|Win32 = Release|Win32
	EndGlobalSection
	GlobalSection(ProjectConfigurationPlatforms) = postSolution
		{C12CF53B-6CDF-44FE-8A74-A906E1C90E47}.Debug|Win32.ActiveCfg = Debug|Win32
		{C12CF53B-6CDF-44FE-8A74-A906E1C90E47}.Debug|Win32.Build.0 = Debug|Win32
		{C12CF53B-6CDF-44FE-8A74-A906E1C90E47}.Release|Win32.ActiveCfg = Release|Win32
		{C12CF53B-6CDF-44FE-8A74-A906E1C90E47}.Release|Win32.Build.0 = Release|Win32
	EndGlobalSection
	GlobalSection(SolutionProperties) = preSolution
		HideSolutionNode = FALSE
	EndGlobalSection
EndGlobal
